
Microsoft Visual Studio Solution File, Format Version 12.00
# Visual Studio Version 16
VisualStudioVersion = 16.0.30621.155
MinimumVisualStudioVersion = 10.0.40219.1
Project("{FAE04EC0-301F-11D3-BF4B-00C04F79EFBC}") = "EAD1_CA3_X00131398", "EAD1_CA3_X00131398\EAD1_CA3_X00131398.csproj", "{50E5D92D-73F0-4C7E-818D-DAB625713A30}"
EndProject
Global
	GlobalSection(SolutionConfigurationPlatforms) = preSolution
		Debug|Any CPU = Debug|Any CPU
		Release|Any CPU = Release|Any CPU
	EndGlobalSection
	GlobalSection(ProjectConfigurationPlatforms) = postSolution
		{50E5D92D-73F0-4C7E-818D-DAB625713A30}.Debug|Any CPU.ActiveCfg = Debug|Any CPU
		{50E5D92D-73F0-4C7E-818D-DAB625713A30}.Debug|Any CPU.Build.0 = Debug|Any CPU
		{50E5D92D-73F0-4C7E-818D-DAB625713A30}.Release|Any CPU.ActiveCfg = Release|Any CPU
		{50E5D92D-73F0-4C7E-818D-DAB625713A30}.Release|Any CPU.Build.0 = Release|Any CPU
	EndGlobalSection
	GlobalSection(SolutionProperties) = preSolution
		HideSolutionNode = FALSE
	EndGlobalSection
	GlobalSection(ExtensibilityGlobals) = postSolution
		SolutionGuid = {3A60F86F-0161-4879-A4AE-1ED6D72E9E53}
	EndGlobalSection
EndGlobal
