
Microsoft Visual Studio Solution File, Format Version 12.00
# Visual Studio Version 16
VisualStudioVersion = 16.0.30621.155
MinimumVisualStudioVersion = 10.0.40219.1
Project("{FAE04EC0-301F-11D3-BF4B-00C04F79EFBC}") = "EAD1_CA3_X00131398", "EAD1_CA3_X00131398\EAD1_CA3_X00131398.csproj", "{C95A2FFC-F372-4955-B294-17B330041490}"
EndProject
Global
	GlobalSection(SolutionConfigurationPlatforms) = preSolution
		Debug|Any CPU = Debug|Any CPU
		Release|Any CPU = Release|Any CPU
	EndGlobalSection
	GlobalSection(ProjectConfigurationPlatforms) = postSolution
		{C95A2FFC-F372-4955-B294-17B330041490}.Debug|Any CPU.ActiveCfg = Debug|Any CPU
		{C95A2FFC-F372-4955-B294-17B330041490}.Debug|Any CPU.Build.0 = Debug|Any CPU
		{C95A2FFC-F372-4955-B294-17B330041490}.Release|Any CPU.ActiveCfg = Release|Any CPU
		{C95A2FFC-F372-4955-B294-17B330041490}.Release|Any CPU.Build.0 = Release|Any CPU
	EndGlobalSection
	GlobalSection(SolutionProperties) = preSolution
		HideSolutionNode = FALSE
	EndGlobalSection
	GlobalSection(ExtensibilityGlobals) = postSolution
		SolutionGuid = {A94680CE-8066-4D19-95B5-85C86BFA6EF1}
	EndGlobalSection
EndGlobal
